{
  "name": "ProyectoFinal",
  "lockfileVersion": 2,
  "requires": true,
  "packages": {
    "": {
      "dependencies": {
        "datetimepicker": "^0.1.39",
        "sweetalert": "^2.1.2"
      }
    },
    "node_modules/datetimepicker": {
      "version": "0.1.39",
      "resolved": "https://registry.npmjs.org/datetimepicker/-/datetimepicker-0.1.39.tgz",
      "integrity": "sha512-CQOQRvEN4FThu5dXY4xNkqyiknJomafVC+muSJDbwYZQIrXU05yazPPRQXFYrAPFfr0I7n55kk2gCF39R2KsRQ==",
      "peerDependencies": {
        "jquery": ">=1.0.0"
      }
    },
    "node_modules/es6-object-assign": {
      "version": "1.1.0",
      "resolved": "https://registry.npmjs.org/es6-object-assign/-/es6-object-assign-1.1.0.tgz",
      "integrity": "sha512-MEl9uirslVwqQU369iHNWZXsI8yaZYGg/D65aOgZkeyFJwHYSxilf7rQzXKI7DdDuBPrBXbfk3sl9hJhmd5AUw=="
    },
    "node_modules/jquery": {
      "version": "3.6.0",
      "resolved": "https://registry.npmjs.org/jquery/-/jquery-3.6.0.tgz",
      "integrity": "sha512-JVzAR/AjBvVt2BmYhxRCSYysDsPcssdmTFnzyLEts9qNwmjmu4JTAMYubEfwVOSwpQ1I1sKKFcxhZCI2buerfw==",
      "peer": true
    },
    "node_modules/promise-polyfill": {
      "version": "6.1.0",
      "resolved": "https://registry.npmjs.org/promise-polyfill/-/promise-polyfill-6.1.0.tgz",
      "integrity": "sha512-g0LWaH0gFsxovsU7R5LrrhHhWAWiHRnh1GPrhXnPgYsDkIqjRYUYSZEsej/wtleDrz5xVSIDbeKfidztp2XHFQ=="
    },
    "node_modules/sweetalert": {
      "version": "2.1.2",
      "resolved": "https://registry.npmjs.org/sweetalert/-/sweetalert-2.1.2.tgz",
      "integrity": "sha512-iWx7X4anRBNDa/a+AdTmvAzQtkN1+s4j/JJRWlHpYE8Qimkohs8/XnFcWeYHH2lMA8LRCa5tj2d244If3S/hzA==",
      "dependencies": {
        "es6-object-assign": "^1.1.0",
        "promise-polyfill": "^6.0.2"
      }
    }
  },
  "dependencies": {
    "datetimepicker": {
      "version": "0.1.39",
      "resolved": "https://registry.npmjs.org/datetimepicker/-/datetimepicker-0.1.39.tgz",
      "integrity": "sha512-CQOQRvEN4FThu5dXY4xNkqyiknJomafVC+muSJDbwYZQIrXU05yazPPRQXFYrAPFfr0I7n55kk2gCF39R2KsRQ==",
      "requires": {}
    },
    "es6-object-assign": {
      "version": "1.1.0",
      "resolved": "https://registry.npmjs.org/es6-object-assign/-/es6-object-assign-1.1.0.tgz",
      "integrity": "sha512-MEl9uirslVwqQU369iHNWZXsI8yaZYGg/D65aOgZkeyFJwHYSxilf7rQzXKI7DdDuBPrBXbfk3sl9hJhmd5AUw=="
    },
    "jquery": {
      "version": "3.6.0",
      "resolved": "https://registry.npmjs.org/jquery/-/jquery-3.6.0.tgz",
      "integrity": "sha512-JVzAR/AjBvVt2BmYhxRCSYysDsPcssdmTFnzyLEts9qNwmjmu4JTAMYubEfwVOSwpQ1I1sKKFcxhZCI2buerfw==",
      "peer": true
    },
    "promise-polyfill": {
      "version": "6.1.0",
      "resolved": "https://registry.npmjs.org/promise-polyfill/-/promise-polyfill-6.1.0.tgz",
      "integrity": "sha512-g0LWaH0gFsxovsU7R5LrrhHhWAWiHRnh1GPrhXnPgYsDkIqjRYUYSZEsej/wtleDrz5xVSIDbeKfidztp2XHFQ=="
    },
    "sweetalert": {
      "version": "2.1.2",
      "resolved": "https://registry.npmjs.org/sweetalert/-/sweetalert-2.1.2.tgz",
      "integrity": "sha512-iWx7X4anRBNDa/a+AdTmvAzQtkN1+s4j/JJRWlHpYE8Qimkohs8/XnFcWeYHH2lMA8LRCa5tj2d244If3S/hzA==",
      "requires": {
        "es6-object-assign": "^1.1.0",
        "promise-polyfill": "^6.0.2"
      }
    }
  }
}
